
Microsoft Visual Studio Solution File, Format Version 12.00
# Visual Studio Version 17
VisualStudioVersion = 17.4.33103.184
MinimumVisualStudioVersion = 10.0.40219.1
Project("{9A19103F-16F7-4668-BE54-9A1E7A4F7556}") = "Api", "Api\Api.csproj", "{1AE682BE-37F1-43EB-BEF7-0D6568FDDA10}"
EndProject
Project("{9A19103F-16F7-4668-BE54-9A1E7A4F7556}") = "ConsoleApp", "ConsoleApp\ConsoleApp.csproj", "{A7B718C8-8879-4F4B-AF34-C93C78FAD0DD}"
EndProject
Project("{9A19103F-16F7-4668-BE54-9A1E7A4F7556}") = "Services", "Services\Services.csproj", "{59F2AE09-769B-4785-A43A-8C41E47F55D8}"
EndProject
Project("{9A19103F-16F7-4668-BE54-9A1E7A4F7556}") = "Domain", "Domain\Domain.csproj", "{A418BC18-2DF5-497B-B60B-7F4821CFE6F6}"
EndProject
Project("{FAE04EC0-301F-11D3-BF4B-00C04F79EFBC}") = "everybody-codes", "everybody-codes\everybody-codes.csproj", "{CE8B8C63-F690-4E09-A6D4-321017A9B4BE}"
EndProject
Global
	GlobalSection(SolutionConfigurationPlatforms) = preSolution
		Debug|Any CPU = Debug|Any CPU
		Release|Any CPU = Release|Any CPU
	EndGlobalSection
	GlobalSection(ProjectConfigurationPlatforms) = postSolution
		{1AE682BE-37F1-43EB-BEF7-0D6568FDDA10}.Debug|Any CPU.ActiveCfg = Debug|Any CPU
		{1AE682BE-37F1-43EB-BEF7-0D6568FDDA10}.Debug|Any CPU.Build.0 = Debug|Any CPU
		{1AE682BE-37F1-43EB-BEF7-0D6568FDDA10}.Release|Any CPU.ActiveCfg = Release|Any CPU
		{1AE682BE-37F1-43EB-BEF7-0D6568FDDA10}.Release|Any CPU.Build.0 = Release|Any CPU
		{A7B718C8-8879-4F4B-AF34-C93C78FAD0DD}.Debug|Any CPU.ActiveCfg = Debug|Any CPU
		{A7B718C8-8879-4F4B-AF34-C93C78FAD0DD}.Debug|Any CPU.Build.0 = Debug|Any CPU
		{A7B718C8-8879-4F4B-AF34-C93C78FAD0DD}.Release|Any CPU.ActiveCfg = Release|Any CPU
		{A7B718C8-8879-4F4B-AF34-C93C78FAD0DD}.Release|Any CPU.Build.0 = Release|Any CPU
		{59F2AE09-769B-4785-A43A-8C41E47F55D8}.Debug|Any CPU.ActiveCfg = Debug|Any CPU
		{59F2AE09-769B-4785-A43A-8C41E47F55D8}.Debug|Any CPU.Build.0 = Debug|Any CPU
		{59F2AE09-769B-4785-A43A-8C41E47F55D8}.Release|Any CPU.ActiveCfg = Release|Any CPU
		{59F2AE09-769B-4785-A43A-8C41E47F55D8}.Release|Any CPU.Build.0 = Release|Any CPU
		{A418BC18-2DF5-497B-B60B-7F4821CFE6F6}.Debug|Any CPU.ActiveCfg = Debug|Any CPU
		{A418BC18-2DF5-497B-B60B-7F4821CFE6F6}.Debug|Any CPU.Build.0 = Debug|Any CPU
		{A418BC18-2DF5-497B-B60B-7F4821CFE6F6}.Release|Any CPU.ActiveCfg = Release|Any CPU
		{A418BC18-2DF5-497B-B60B-7F4821CFE6F6}.Release|Any CPU.Build.0 = Release|Any CPU
		{CE8B8C63-F690-4E09-A6D4-321017A9B4BE}.Debug|Any CPU.ActiveCfg = Debug|Any CPU
		{CE8B8C63-F690-4E09-A6D4-321017A9B4BE}.Debug|Any CPU.Build.0 = Debug|Any CPU
		{CE8B8C63-F690-4E09-A6D4-321017A9B4BE}.Release|Any CPU.ActiveCfg = Release|Any CPU
		{CE8B8C63-F690-4E09-A6D4-321017A9B4BE}.Release|Any CPU.Build.0 = Release|Any CPU
	EndGlobalSection
	GlobalSection(SolutionProperties) = preSolution
		HideSolutionNode = FALSE
	EndGlobalSection
	GlobalSection(ExtensibilityGlobals) = postSolution
		SolutionGuid = {F7A2E255-44FC-4886-91E9-B65AD36EFC03}
	EndGlobalSection
EndGlobal
